// !$*UTF8*$!
{
	archiveVersion = 1;
	classes = {
	};
	objectVersion = 77;
	objects = {

/* Begin PBXBuildFile section */
		9BC6FE552ED4794F00DA448E /* alarm.caf in Resources */ = {isa = PBXBuildFile; fileRef = 9BC6FE542ED4794F00DA448E /* alarm.caf */; };
		9BC6FE942ED5EC1100DA448E /* InfoPlist.xcstrings in Resources */ = {isa = PBXBuildFile; fileRef = 9BC6FE932ED5EC1100DA448E /* InfoPlist.xcstrings */; };
		9BC6FED02EDA7C8B00DA448E /* GoogleMobileAds in Frameworks */ = {isa = PBXBuildFile; productRef = 9BC6FECF2EDA7C8B00DA448E /* GoogleMobileAds */; };
		9BC6FF072EDB165000DA448E /* mixkit-spaceship-alarm-998.caf in Resources */ = {isa = PBXBuildFile; fileRef = 9BC6FF062EDB165000DA448E /* mixkit-spaceship-alarm-998.caf */; };
/* End PBXBuildFile section */

/* Begin PBXContainerItemProxy section */
		9BC6FE042ED3DF8500DA448E /* PBXContainerItemProxy */ = {
			isa = PBXContainerItemProxy;
			containerPortal = 9BC6FDEC2ED3DF8200DA448E /* Project object */;
			proxyType = 1;
			remoteGlobalIDString = 9BC6FDF32ED3DF8200DA448E;
			remoteInfo = FlashAlarm;
		};
		9BC6FE0E2ED3DF8500DA448E /* PBXContainerItemProxy */ = {
			isa = PBXContainerItemProxy;
			containerPortal = 9BC6FDEC2ED3DF8200DA448E /* Project object */;
			proxyType = 1;
			remoteGlobalIDString = 9BC6FDF32ED3DF8200DA448E;
			remoteInfo = FlashAlarm;
		};
/* End PBXContainerItemProxy section */

/* Begin PBXFileReference section */
		9BC6FDF42ED3DF8200DA448E /* FlashAlarm.app */ = {isa = PBXFileReference; explicitFileType = wrapper.application; includeInIndex = 0; path = FlashAlarm.app; sourceTree = BUILT_PRODUCTS_DIR; };
		9BC6FE032ED3DF8500DA448E /* FlashAlarmTests.xctest */ = {isa = PBXFileReference; explicitFileType = wrapper.cfbundle; includeInIndex = 0; path = FlashAlarmTests.xctest; sourceTree = BUILT_PRODUCTS_DIR; };
		9BC6FE0D2ED3DF8500DA448E /* FlashAlarmUITests.xctest */ = {isa = PBXFileReference; explicitFileType = wrapper.cfbundle; includeInIndex = 0; path = FlashAlarmUITests.xctest; sourceTree = BUILT_PRODUCTS_DIR; };
		9BC6FE542ED4794F00DA448E /* alarm.caf */ = {isa = PBXFileReference; lastKnownFileType = file; path = alarm.caf; sourceTree = "<group>"; };
		9BC6FE932ED5EC1100DA448E /* InfoPlist.xcstrings */ = {isa = PBXFileReference; lastKnownFileType = text.json.xcstrings; path = InfoPlist.xcstrings; sourceTree = "<group>"; };
		9BC6FF062EDB165000DA448E /* mixkit-spaceship-alarm-998.caf */ = {isa = PBXFileReference; lastKnownFileType = file; path = "mixkit-spaceship-alarm-998.caf"; sourceTree = "<group>"; };
/* End PBXFileReference section */

/* Begin PBXFileSystemSynchronizedBuildFileExceptionSet section */
		9BC6FF052EDB155C00DA448E /* Exceptions for "FlashAlarm" folder in "FlashAlarm" target */ = {
			isa = PBXFileSystemSynchronizedBuildFileExceptionSet;
			membershipExceptions = (
				Info.plist,
			);
			target = 9BC6FDF32ED3DF8200DA448E /* FlashAlarm */;
		};
/* End PBXFileSystemSynchronizedBuildFileExceptionSet section */

/* Begin PBXFileSystemSynchronizedRootGroup section */
		9BC6FDF62ED3DF8200DA448E /* FlashAlarm */ = {
			isa = PBXFileSystemSynchronizedRootGroup;
			exceptions = (
				9BC6FF052EDB155C00DA448E /* Exceptions for "FlashAlarm" folder in "FlashAlarm" target */,
			);
			path = FlashAlarm;
			sourceTree = "<group>";
		};
		9BC6FE062ED3DF8500DA448E /* FlashAlarmTests */ = {
			isa = PBXFileSystemSynchronizedRootGroup;
			path = FlashAlarmTests;
			sourceTree = "<group>";
		};
		9BC6FE102ED3DF8500DA448E /* FlashAlarmUITests */ = {
			isa = PBXFileSystemSynchronizedRootGroup;
			path = FlashAlarmUITests;
			sourceTree = "<group>";
		};
/* End PBXFileSystemSynchronizedRootGroup section */

/* Begin PBXFrameworksBuildPhase section */
		9BC6FDF12ED3DF8200DA448E /* Frameworks */ = {
			isa = PBXFrameworksBuildPhase;
			buildActionMask = 2147483647;
			files = (
				9BC6FED02EDA7C8B00DA448E /* GoogleMobileAds in Frameworks */,
			);
			runOnlyForDeploymentPostprocessing = 0;
		};
		9BC6FE002ED3DF8500DA448E /* Frameworks */ = {
			isa = PBXFrameworksBuildPhase;
			buildActionMask = 2147483647;
			files = (
			);
			runOnlyForDeploymentPostprocessing = 0;
		};
		9BC6FE0A2ED3DF8500DA448E /* Frameworks */ = {
			isa = PBXFrameworksBuildPhase;
			buildActionMask = 2147483647;
			files = (
			);
			runOnlyForDeploymentPostprocessing = 0;
		};
/* End PBXFrameworksBuildPhase section */

/* Begin PBXGroup section */
		9BC6FDEB2ED3DF8200DA448E = {
			isa = PBXGroup;
			children = (
				9BC6FF062EDB165000DA448E /* mixkit-spaceship-alarm-998.caf */,
				9BC6FE932ED5EC1100DA448E /* InfoPlist.xcstrings */,
				9BC6FE542ED4794F00DA448E /* alarm.caf */,
				9BC6FDF62ED3DF8200DA448E /* FlashAlarm */,
				9BC6FE062ED3DF8500DA448E /* FlashAlarmTests */,
				9BC6FE102ED3DF8500DA448E /* FlashAlarmUITests */,
				9BC6FDF52ED3DF8200DA448E /* Products */,
			);
			sourceTree = "<group>";
		};
		9BC6FDF52ED3DF8200DA448E /* Products */ = {
			isa = PBXGroup;
			children = (
				9BC6FDF42ED3DF8200DA448E /* FlashAlarm.app */,
				9BC6FE032ED3DF8500DA448E /* FlashAlarmTests.xctest */,
				9BC6FE0D2ED3DF8500DA448E /* FlashAlarmUITests.xctest */,
			);
			name = Products;
			sourceTree = "<group>";
		};
/* End PBXGroup section */

/* Begin PBXNativeTarget section */
		9BC6FDF32ED3DF8200DA448E /* FlashAlarm */ = {
			isa = PBXNativeTarget;
			buildConfigurationList = 9BC6FE172ED3DF8500DA448E /* Build configuration list for PBXNativeTarget "FlashAlarm" */;
			buildPhases = (
				9BC6FDF02ED3DF8200DA448E /* Sources */,
				9BC6FDF12ED3DF8200DA448E /* Frameworks */,
				9BC6FDF22ED3DF8200DA448E /* Resources */,
			);
			buildRules = (
			);
			dependencies = (
			);
			fileSystemSynchronizedGroups = (
				9BC6FDF62ED3DF8200DA448E /* FlashAlarm */,
			);
			name = FlashAlarm;
			packageProductDependencies = (
				9BC6FECF2EDA7C8B00DA448E /* GoogleMobileAds */,
			);
			productName = FlashAlarm;
			productReference = 9BC6FDF42ED3DF8200DA448E /* FlashAlarm.app */;
			productType = "com.apple.product-type.application";
		};
		9BC6FE022ED3DF8500DA448E /* FlashAlarmTests */ = {
			isa = PBXNativeTarget;
			buildConfigurationList = 9BC6FE1A2ED3DF8500DA448E /* Build configuration list for PBXNativeTarget "FlashAlarmTests" */;
			buildPhases = (
				9BC6FDFF2ED3DF8500DA448E /* Sources */,
				9BC6FE002ED3DF8500DA448E /* Frameworks */,
				9BC6FE012ED3DF8500DA448E /* Resources */,
			);
			buildRules = (
			);
			dependencies = (
				9BC6FE052ED3DF8500DA448E /* PBXTargetDependency */,
			);
			fileSystemSynchronizedGroups = (
				9BC6FE062ED3DF8500DA448E /* FlashAlarmTests */,
			);
			name = FlashAlarmTests;
			packageProductDependencies = (
			);
			productName = FlashAlarmTests;
			productReference = 9BC6FE032ED3DF8500DA448E /* FlashAlarmTests.xctest */;
			productType = "com.apple.product-type.bundle.unit-test";
		};
		9BC6FE0C2ED3DF8500DA448E /* FlashAlarmUITests */ = {
			isa = PBXNativeTarget;
			buildConfigurationList = 9BC6FE1D2ED3DF8500DA448E /* Build configuration list for PBXNativeTarget "FlashAlarmUITests" */;
			buildPhases = (
				9BC6FE092ED3DF8500DA448E /* Sources */,
				9BC6FE0A2ED3DF8500DA448E /* Frameworks */,
				9BC6FE0B2ED3DF8500DA448E /* Resources */,
			);
			buildRules = (
			);
			dependencies = (
				9BC6FE0F2ED3DF8500DA448E /* PBXTargetDependency */,
			);
			fileSystemSynchronizedGroups = (
				9BC6FE102ED3DF8500DA448E /* FlashAlarmUITests */,
			);
			name = FlashAlarmUITests;
			packageProductDependencies = (
			);
			productName = FlashAlarmUITests;
			productReference = 9BC6FE0D2ED3DF8500DA448E /* FlashAlarmUITests.xctest */;
			productType = "com.apple.product-type.bundle.ui-testing";
		};
/* End PBXNativeTarget section */

/* Begin PBXProject section */
		9BC6FDEC2ED3DF8200DA448E /* Project object */ = {
			isa = PBXProject;
			attributes = {
				BuildIndependentTargetsInParallel = 1;
				LastSwiftUpdateCheck = 2600;
				LastUpgradeCheck = 2600;
				TargetAttributes = {
					9BC6FDF32ED3DF8200DA448E = {
						CreatedOnToolsVersion = 26.0.1;
					};
					9BC6FE022ED3DF8500DA448E = {
						CreatedOnToolsVersion = 26.0.1;
						TestTargetID = 9BC6FDF32ED3DF8200DA448E;
					};
					9BC6FE0C2ED3DF8500DA448E = {
						CreatedOnToolsVersion = 26.0.1;
						TestTargetID = 9BC6FDF32ED3DF8200DA448E;
					};
				};
			};
			buildConfigurationList = 9BC6FDEF2ED3DF8200DA448E /* Build configuration list for PBXProject "FlashAlarm" */;
			developmentRegion = en;
			hasScannedForEncodings = 0;
			knownRegions = (
				en,
				Base,
				ja,
			);
			mainGroup = 9BC6FDEB2ED3DF8200DA448E;
			minimizedProjectReferenceProxies = 1;
			packageReferences = (
				9BC6FECE2EDA7C8B00DA448E /* XCRemoteSwiftPackageReference "swift-package-manager-google-mobile-ads" */,
			);
			preferredProjectObjectVersion = 77;
			productRefGroup = 9BC6FDF52ED3DF8200DA448E /* Products */;
			projectDirPath = "";
			projectRoot = "";
			targets = (
				9BC6FDF32ED3DF8200DA448E /* FlashAlarm */,
				9BC6FE022ED3DF8500DA448E /* FlashAlarmTests */,
				9BC6FE0C2ED3DF8500DA448E /* FlashAlarmUITests */,
			);
		};
/* End PBXProject section */

/* Begin PBXResourcesBuildPhase section */
		9BC6FDF22ED3DF8200DA448E /* Resources */ = {
			isa = PBXResourcesBuildPhase;
			buildActionMask = 2147483647;
			files = (
				9BC6FE942ED5EC1100DA448E /* InfoPlist.xcstrings in Resources */,
				9BC6FE552ED4794F00DA448E /* alarm.caf in Resources */,
				9BC6FF072EDB165000DA448E /* mixkit-spaceship-alarm-998.caf in Resources */,
			);
			runOnlyForDeploymentPostprocessing = 0;
		};
		9BC6FE012ED3DF8500DA448E /* Resources */ = {
			isa = PBXResourcesBuildPhase;
			buildActionMask = 2147483647;
			files = (
			);
			runOnlyForDeploymentPostprocessing = 0;
		};
		9BC6FE0B2ED3DF8500DA448E /* Resources */ = {
			isa = PBXResourcesBuildPhase;
			buildActionMask = 2147483647;
			files = (
			);
			runOnlyForDeploymentPostprocessing = 0;
		};
/* End PBXResourcesBuildPhase section */

/* Begin PBXSourcesBuildPhase section */
		9BC6FDF02ED3DF8200DA448E /* Sources */ = {
			isa = PBXSourcesBuildPhase;
			buildActionMask = 2147483647;
			files = (
			);
			runOnlyForDeploymentPostprocessing = 0;
		};
		9BC6FDFF2ED3DF8500DA448E /* Sources */ = {
			isa = PBXSourcesBuildPhase;
			buildActionMask = 2147483647;
			files = (
			);
			runOnlyForDeploymentPostprocessing = 0;
		};
		9BC6FE092ED3DF8500DA448E /* Sources */ = {
			isa = PBXSourcesBuildPhase;
			buildActionMask = 2147483647;
			files = (
			);
			runOnlyForDeploymentPostprocessing = 0;
		};
/* End PBXSourcesBuildPhase section */

/* Begin PBXTargetDependency section */
		9BC6FE052ED3DF8500DA448E /* PBXTargetDependency */ = {
			isa = PBXTargetDependency;
			target = 9BC6FDF32ED3DF8200DA448E /* FlashAlarm */;
			targetProxy = 9BC6FE042ED3DF8500DA448E /* PBXContainerItemProxy */;
		};
		9BC6FE0F2ED3DF8500DA448E /* PBXTargetDependency */ = {
			isa = PBXTargetDependency;
			target = 9BC6FDF32ED3DF8200DA448E /* FlashAlarm */;
			targetProxy = 9BC6FE0E2ED3DF8500DA448E /* PBXContainerItemProxy */;
		};
/* End PBXTargetDependency section */

/* Begin XCBuildConfiguration section */
		9BC6FE152ED3DF8500DA448E /* Debug */ = {
			isa = XCBuildConfiguration;
			buildSettings = {
				ALWAYS_SEARCH_USER_PATHS = NO;
				ASSETCATALOG_COMPILER_GENERATE_SWIFT_ASSET_SYMBOL_EXTENSIONS = YES;
				CLANG_ANALYZER_LOCALIZABILITY_NONLOCALIZED = YES;
				CLANG_ANALYZER_NONNULL = YES;
				CLANG_ANALYZER_NUMBER_OBJECT_CONVERSION = YES_AGGRESSIVE;
				CLANG_CXX_LANGUAGE_STANDARD = "gnu++20";
				CLANG_ENABLE_MODULES = YES;
				CLANG_ENABLE_OBJC_ARC = YES;
				CLANG_ENABLE_OBJC_WEAK = YES;
				CLANG_WARN_BLOCK_CAPTURE_AUTORELEASING = YES;
				CLANG_WARN_BOOL_CONVERSION = YES;
				CLANG_WARN_COMMA = YES;
				CLANG_WARN_CONSTANT_CONVERSION = YES;
				CLANG_WARN_DEPRECATED_OBJC_IMPLEMENTATIONS = YES;
				CLANG_WARN_DIRECT_OBJC_ISA_USAGE = YES_ERROR;
				CLANG_WARN_DOCUMENTATION_COMMENTS = YES;
				CLANG_WARN_EMPTY_BODY = YES;
				CLANG_WARN_ENUM_CONVERSION = YES;
				CLANG_WARN_INFINITE_RECURSION = YES;
				CLANG_WARN_INT_CONVERSION = YES;
				CLANG_WARN_NON_LITERAL_NULL_CONVERSION = YES;
				CLANG_WARN_OBJC_IMPLICIT_RETAIN_SELF = YES;
				CLANG_WARN_OBJC_LITERAL_CONVERSION = YES;
				CLANG_WARN_OBJC_ROOT_CLASS = YES_ERROR;
				CLANG_WARN_QUOTED_INCLUDE_IN_FRAMEWORK_HEADER = YES;
				CLANG_WARN_RANGE_LOOP_ANALYSIS = YES;
				CLANG_WARN_STRICT_PROTOTYPES = YES;
				CLANG_WARN_SUSPICIOUS_MOVE = YES;
				CLANG_WARN_UNGUARDED_AVAILABILITY = YES_AGGRESSIVE;
				CLANG_WARN_UNREACHABLE_CODE = YES;
				CLANG_WARN__DUPLICATE_METHOD_MATCH = YES;
				COPY_PHASE_STRIP = NO;
				DEBUG_INFORMATION_FORMAT = dwarf;
				DEVELOPMENT_TEAM = XB768QGX76;
				ENABLE_STRICT_OBJC_MSGSEND = YES;
				ENABLE_TESTABILITY = YES;
				ENABLE_USER_SCRIPT_SANDBOXING = YES;
				GCC_C_LANGUAGE_STANDARD = gnu17;
				GCC_DYNAMIC_NO_PIC = NO;
				GCC_NO_COMMON_BLOCKS = YES;
				GCC_OPTIMIZATION_LEVEL = 0;
				GCC_PREPROCESSOR_DEFINITIONS = (
					"DEBUG=1",
					"$(inherited)",
				);
				GCC_WARN_64_TO_32_BIT_CONVERSION = YES;
				GCC_WARN_ABOUT_RETURN_TYPE = YES_ERROR;
				GCC_WARN_UNDECLARED_SELECTOR = YES;
				GCC_WARN_UNINITIALIZED_AUTOS = YES_AGGRESSIVE;
				GCC_WARN_UNUSED_FUNCTION = YES;
				GCC_WARN_UNUSED_VARIABLE = YES;
				IPHONEOS_DEPLOYMENT_TARGET = 26.0;
				LOCALIZATION_PREFERS_STRING_CATALOGS = YES;
				MTL_ENABLE_DEBUG_INFO = INCLUDE_SOURCE;
				MTL_FAST_MATH = YES;
				ONLY_ACTIVE_ARCH = YES;
				SDKROOT = iphoneos;
				SWIFT_ACTIVE_COMPILATION_CONDITIONS = "DEBUG $(inherited)";
				SWIFT_EMIT_LOC_STRINGS = YES;
				SWIFT_OPTIMIZATION_LEVEL = "-Onone";
			};
			name = Debug;
		};
		9BC6FE162ED3DF8500DA448E /* Release */ = {
			isa = XCBuildConfiguration;
			buildSettings = {
				ALWAYS_SEARCH_USER_PATHS = NO;
				ASSETCATALOG_COMPILER_GENERATE_SWIFT_ASSET_SYMBOL_EXTENSIONS = YES;
				CLANG_ANALYZER_LOCALIZABILITY_NONLOCALIZED = YES;
				CLANG_ANALYZER_NONNULL = YES;
				CLANG_ANALYZER_NUMBER_OBJECT_CONVERSION = YES_AGGRESSIVE;
				CLANG_CXX_LANGUAGE_STANDARD = "gnu++20";
				CLANG_ENABLE_MODULES = YES;
				CLANG_ENABLE_OBJC_ARC = YES;
				CLANG_ENABLE_OBJC_WEAK = YES;
				CLANG_WARN_BLOCK_CAPTURE_AUTORELEASING = YES;
				CLANG_WARN_BOOL_CONVERSION = YES;
				CLANG_WARN_COMMA = YES;
				CLANG_WARN_CONSTANT_CONVERSION = YES;
				CLANG_WARN_DEPRECATED_OBJC_IMPLEMENTATIONS = YES;
				CLANG_WARN_DIRECT_OBJC_ISA_USAGE = YES_ERROR;
				CLANG_WARN_DOCUMENTATION_COMMENTS = YES;
				CLANG_WARN_EMPTY_BODY = YES;
				CLANG_WARN_ENUM_CONVERSION = YES;
				CLANG_WARN_INFINITE_RECURSION = YES;
				CLANG_WARN_INT_CONVERSION = YES;
				CLANG_WARN_NON_LITERAL_NULL_CONVERSION = YES;
				CLANG_WARN_OBJC_IMPLICIT_RETAIN_SELF = YES;
				CLANG_WARN_OBJC_LITERAL_CONVERSION = YES;
				CLANG_WARN_OBJC_ROOT_CLASS = YES_ERROR;
				CLANG_WARN_QUOTED_INCLUDE_IN_FRAMEWORK_HEADER = YES;
				CLANG_WARN_RANGE_LOOP_ANALYSIS = YES;
				CLANG_WARN_STRICT_PROTOTYPES = YES;
				CLANG_WARN_SUSPICIOUS_MOVE = YES;
				CLANG_WARN_UNGUARDED_AVAILABILITY = YES_AGGRESSIVE;
				CLANG_WARN_UNREACHABLE_CODE = YES;
				CLANG_WARN__DUPLICATE_METHOD_MATCH = YES;
				COPY_PHASE_STRIP = NO;
				DEBUG_INFORMATION_FORMAT = "dwarf-with-dsym";
				DEVELOPMENT_TEAM = XB768QGX76;
				ENABLE_NS_ASSERTIONS = NO;
				ENABLE_STRICT_OBJC_MSGSEND = YES;
				ENABLE_USER_SCRIPT_SANDBOXING = YES;
				GCC_C_LANGUAGE_STANDARD = gnu17;
				GCC_NO_COMMON_BLOCKS = YES;
				GCC_WARN_64_TO_32_BIT_CONVERSION = YES;
				GCC_WARN_ABOUT_RETURN_TYPE = YES_ERROR;
				GCC_WARN_UNDECLARED_SELECTOR = YES;
				GCC_WARN_UNINITIALIZED_AUTOS = YES_AGGRESSIVE;
				GCC_WARN_UNUSED_FUNCTION = YES;
				GCC_WARN_UNUSED_VARIABLE = YES;
				IPHONEOS_DEPLOYMENT_TARGET = 26.0;
				LOCALIZATION_PREFERS_STRING_CATALOGS = YES;
				MTL_ENABLE_DEBUG_INFO = NO;
				MTL_FAST_MATH = YES;
				SDKROOT = iphoneos;
				SWIFT_COMPILATION_MODE = wholemodule;
				SWIFT_EMIT_LOC_STRINGS = YES;
				VALIDATE_PRODUCT = YES;
			};
			name = Release;
		};
		9BC6FE182ED3DF8500DA448E /* Debug */ = {
			isa = XCBuildConfiguration;
			buildSettings = {
				ASSETCATALOG_COMPILER_APPICON_NAME = AppIcon;
				ASSETCATALOG_COMPILER_GLOBAL_ACCENT_COLOR_NAME = AccentColor;
				ASSETCATALOG_COMPILER_INCLUDE_ALL_APPICON_ASSETS = NO;
				CODE_SIGN_STYLE = Automatic;
				CURRENT_PROJECT_VERSION = 1;
				DEVELOPMENT_TEAM = XB768QGX76;
				ENABLE_PREVIEWS = YES;
				GENERATE_INFOPLIST_FILE = YES;
				INFOPLIST_FILE = FlashAlarm/Info.plist;
				INFOPLIST_KEY_CFBundleDisplayName = FlashAlarm;
				INFOPLIST_KEY_LSApplicationCategoryType = "public.app-category.lifestyle";
				INFOPLIST_KEY_UIApplicationSceneManifest_Generation = YES;
				INFOPLIST_KEY_UIApplicationSupportsIndirectInputEvents = YES;
				INFOPLIST_KEY_UILaunchScreen_Generation = YES;
				INFOPLIST_KEY_UISupportedInterfaceOrientations_iPad = "UIInterfaceOrientationPortrait UIInterfaceOrientationPortraitUpsideDown UIInterfaceOrientationLandscapeLeft UIInterfaceOrientationLandscapeRight";
				INFOPLIST_KEY_UISupportedInterfaceOrientations_iPhone = "UIInterfaceOrientationPortrait UIInterfaceOrientationLandscapeLeft UIInterfaceOrientationLandscapeRight";
				IPHONEOS_DEPLOYMENT_TARGET = 17.0;
				LD_RUNPATH_SEARCH_PATHS = (
					"$(inherited)",
					"@executable_path/Frameworks",
				);
				MARKETING_VERSION = 1.0;
				PRODUCT_BUNDLE_IDENTIFIER = ruby.FlashAlarm;
				PRODUCT_NAME = "$(TARGET_NAME)";
				STRING_CATALOG_GENERATE_SYMBOLS = YES;
				SUPPORTED_PLATFORMS = "iphoneos iphonesimulator";
				SUPPORTS_MACCATALYST = NO;
				SUPPORTS_MAC_DESIGNED_FOR_IPHONE_IPAD = NO;
				SUPPORTS_XR_DESIGNED_FOR_IPHONE_IPAD = NO;
				SWIFT_APPROACHABLE_CONCURRENCY = YES;
				SWIFT_DEFAULT_ACTOR_ISOLATION = MainActor;
				SWIFT_EMIT_LOC_STRINGS = YES;
				SWIFT_UPCOMING_FEATURE_MEMBER_IMPORT_VISIBILITY = YES;
				SWIFT_VERSION = 5.0;
				TARGETED_DEVICE_FAMILY = "1,2";
			};
			name = Debug;
		};
		9BC6FE192ED3DF8500DA448E /* Release */ = {
			isa = XCBuildConfiguration;
			buildSettings = {
				ASSETCATALOG_COMPILER_APPICON_NAME = AppIcon;
				ASSETCATALOG_COMPILER_GLOBAL_ACCENT_COLOR_NAME = AccentColor;
				ASSETCATALOG_COMPILER_INCLUDE_ALL_APPICON_ASSETS = NO;
				CODE_SIGN_STYLE = Automatic;
				CURRENT_PROJECT_VERSION = 1;
				DEVELOPMENT_TEAM = XB768QGX76;
				ENABLE_PREVIEWS = YES;
				GENERATE_INFOPLIST_FILE = YES;
				INFOPLIST_FILE = FlashAlarm/Info.plist;
				INFOPLIST_KEY_CFBundleDisplayName = FlashAlarm;
				INFOPLIST_KEY_LSApplicationCategoryType = "public.app-category.lifestyle";
				INFOPLIST_KEY_UIApplicationSceneManifest_Generation = YES;
				INFOPLIST_KEY_UIApplicationSupportsIndirectInputEvents = YES;
				INFOPLIST_KEY_UILaunchScreen_Generation = YES;
				INFOPLIST_KEY_UISupportedInterfaceOrientations_iPad = "UIInterfaceOrientationPortrait UIInterfaceOrientationPortraitUpsideDown UIInterfaceOrientationLandscapeLeft UIInterfaceOrientationLandscapeRight";
				INFOPLIST_KEY_UISupportedInterfaceOrientations_iPhone = "UIInterfaceOrientationPortrait UIInterfaceOrientationLandscapeLeft UIInterfaceOrientationLandscapeRight";
				IPHONEOS_DEPLOYMENT_TARGET = 17.0;
				LD_RUNPATH_SEARCH_PATHS = (
					"$(inherited)",
					"@executable_path/Frameworks",
				);
				MARKETING_VERSION = 1.0;
				PRODUCT_BUNDLE_IDENTIFIER = ruby.FlashAlarm;
				PRODUCT_NAME = "$(TARGET_NAME)";
				STRING_CATALOG_GENERATE_SYMBOLS = YES;
				SUPPORTED_PLATFORMS = "iphoneos iphonesimulator";
				SUPPORTS_MACCATALYST = NO;
				SUPPORTS_MAC_DESIGNED_FOR_IPHONE_IPAD = NO;
				SUPPORTS_XR_DESIGNED_FOR_IPHONE_IPAD = NO;
				SWIFT_APPROACHABLE_CONCURRENCY = YES;
				SWIFT_DEFAULT_ACTOR_ISOLATION = MainActor;
				SWIFT_EMIT_LOC_STRINGS = YES;
				SWIFT_UPCOMING_FEATURE_MEMBER_IMPORT_VISIBILITY = YES;
				SWIFT_VERSION = 5.0;
				TARGETED_DEVICE_FAMILY = "1,2";
			};
			name = Release;
		};
		9BC6FE1B2ED3DF8500DA448E /* Debug */ = {
			isa = XCBuildConfiguration;
			buildSettings = {
				BUNDLE_LOADER = "$(TEST_HOST)";
				CODE_SIGN_STYLE = Automatic;
				CURRENT_PROJECT_VERSION = 1;
				DEVELOPMENT_TEAM = XB768QGX76;
				GENERATE_INFOPLIST_FILE = YES;
				IPHONEOS_DEPLOYMENT_TARGET = 26.0;
				MARKETING_VERSION = 1.0;
				PRODUCT_BUNDLE_IDENTIFIER = ruby.FlashAlarmTests;
				PRODUCT_NAME = "$(TARGET_NAME)";
				STRING_CATALOG_GENERATE_SYMBOLS = NO;
				SWIFT_APPROACHABLE_CONCURRENCY = YES;
				SWIFT_EMIT_LOC_STRINGS = NO;
				SWIFT_UPCOMING_FEATURE_MEMBER_IMPORT_VISIBILITY = YES;
				SWIFT_VERSION = 5.0;
				TARGETED_DEVICE_FAMILY = "1,2";
				TEST_HOST = "$(BUILT_PRODUCTS_DIR)/FlashAlarm.app/$(BUNDLE_EXECUTABLE_FOLDER_PATH)/FlashAlarm";
			};
			name = Debug;
		};
		9BC6FE1C2ED3DF8500DA448E /* Release */ = {
			isa = XCBuildConfiguration;
			buildSettings = {
				BUNDLE_LOADER = "$(TEST_HOST)";
				CODE_SIGN_STYLE = Automatic;
				CURRENT_PROJECT_VERSION = 1;
				DEVELOPMENT_TEAM = XB768QGX76;
				GENERATE_INFOPLIST_FILE = YES;
				IPHONEOS_DEPLOYMENT_TARGET = 26.0;
				MARKETING_VERSION = 1.0;
				PRODUCT_BUNDLE_IDENTIFIER = ruby.FlashAlarmTests;
				PRODUCT_NAME = "$(TARGET_NAME)";
				STRING_CATALOG_GENERATE_SYMBOLS = NO;
				SWIFT_APPROACHABLE_CONCURRENCY = YES;
				SWIFT_EMIT_LOC_STRINGS = NO;
				SWIFT_UPCOMING_FEATURE_MEMBER_IMPORT_VISIBILITY = YES;
				SWIFT_VERSION = 5.0;
				TARGETED_DEVICE_FAMILY = "1,2";
				TEST_HOST = "$(BUILT_PRODUCTS_DIR)/FlashAlarm.app/$(BUNDLE_EXECUTABLE_FOLDER_PATH)/FlashAlarm";
			};
			name = Release;
		};
		9BC6FE1E2ED3DF8500DA448E /* Debug */ = {
			isa = XCBuildConfiguration;
			buildSettings = {
				CODE_SIGN_STYLE = Automatic;
				CURRENT_PROJECT_VERSION = 1;
				DEVELOPMENT_TEAM = XB768QGX76;
				GENERATE_INFOPLIST_FILE = YES;
				MARKETING_VERSION = 1.0;
				PRODUCT_BUNDLE_IDENTIFIER = ruby.FlashAlarmUITests;
				PRODUCT_NAME = "$(TARGET_NAME)";
				STRING_CATALOG_GENERATE_SYMBOLS = NO;
				SWIFT_APPROACHABLE_CONCURRENCY = YES;
				SWIFT_EMIT_LOC_STRINGS = NO;
				SWIFT_UPCOMING_FEATURE_MEMBER_IMPORT_VISIBILITY = YES;
				SWIFT_VERSION = 5.0;
				TARGETED_DEVICE_FAMILY = "1,2";
				TEST_TARGET_NAME = FlashAlarm;
			};
			name = Debug;
		};
		9BC6FE1F2ED3DF8500DA448E /* Release */ = {
			isa = XCBuildConfiguration;
			buildSettings = {
				CODE_SIGN_STYLE = Automatic;
				CURRENT_PROJECT_VERSION = 1;
				DEVELOPMENT_TEAM = XB768QGX76;
				GENERATE_INFOPLIST_FILE = YES;
				MARKETING_VERSION = 1.0;
				PRODUCT_BUNDLE_IDENTIFIER = ruby.FlashAlarmUITests;
				PRODUCT_NAME = "$(TARGET_NAME)";
				STRING_CATALOG_GENERATE_SYMBOLS = NO;
				SWIFT_APPROACHABLE_CONCURRENCY = YES;
				SWIFT_EMIT_LOC_STRINGS = NO;
				SWIFT_UPCOMING_FEATURE_MEMBER_IMPORT_VISIBILITY = YES;
				SWIFT_VERSION = 5.0;
				TARGETED_DEVICE_FAMILY = "1,2";
				TEST_TARGET_NAME = FlashAlarm;
			};
			name = Release;
		};
/* End XCBuildConfiguration section */

/* Begin XCConfigurationList section */
		9BC6FDEF2ED3DF8200DA448E /* Build configuration list for PBXProject "FlashAlarm" */ = {
			isa = XCConfigurationList;
			buildConfigurations = (
				9BC6FE152ED3DF8500DA448E /* Debug */,
				9BC6FE162ED3DF8500DA448E /* Release */,
			);
			defaultConfigurationIsVisible = 0;
			defaultConfigurationName = Release;
		};
		9BC6FE172ED3DF8500DA448E /* Build configuration list for PBXNativeTarget "FlashAlarm" */ = {
			isa = XCConfigurationList;
			buildConfigurations = (
				9BC6FE182ED3DF8500DA448E /* Debug */,
				9BC6FE192ED3DF8500DA448E /* Release */,
			);
			defaultConfigurationIsVisible = 0;
			defaultConfigurationName = Release;
		};
		9BC6FE1A2ED3DF8500DA448E /* Build configuration list for PBXNativeTarget "FlashAlarmTests" */ = {
			isa = XCConfigurationList;
			buildConfigurations = (
				9BC6FE1B2ED3DF8500DA448E /* Debug */,
				9BC6FE1C2ED3DF8500DA448E /* Release */,
			);
			defaultConfigurationIsVisible = 0;
			defaultConfigurationName = Release;
		};
		9BC6FE1D2ED3DF8500DA448E /* Build configuration list for PBXNativeTarget "FlashAlarmUITests" */ = {
			isa = XCConfigurationList;
			buildConfigurations = (
				9BC6FE1E2ED3DF8500DA448E /* Debug */,
				9BC6FE1F2ED3DF8500DA448E /* Release */,
			);
			defaultConfigurationIsVisible = 0;
			defaultConfigurationName = Release;
		};
/* End XCConfigurationList section */

/* Begin XCRemoteSwiftPackageReference section */
		9BC6FECE2EDA7C8B00DA448E /* XCRemoteSwiftPackageReference "swift-package-manager-google-mobile-ads" */ = {
			isa = XCRemoteSwiftPackageReference;
			repositoryURL = "https://github.com/googleads/swift-package-manager-google-mobile-ads.git";
			requirement = {
				kind = upToNextMajorVersion;
				minimumVersion = 12.14.0;
			};
		};
/* End XCRemoteSwiftPackageReference section */

/* Begin XCSwiftPackageProductDependency section */
		9BC6FECF2EDA7C8B00DA448E /* GoogleMobileAds */ = {
			isa = XCSwiftPackageProductDependency;
			package = 9BC6FECE2EDA7C8B00DA448E /* XCRemoteSwiftPackageReference "swift-package-manager-google-mobile-ads" */;
			productName = GoogleMobileAds;
		};
/* End XCSwiftPackageProductDependency section */
	};
	rootObject = 9BC6FDEC2ED3DF8200DA448E /* Project object */;
}
